{
  "lockfileVersion": 1,
  "configVersion": 1,
  "workspaces": {
    "": {
      "name": "imagen-fal-scripts",
      "dependencies": {
        "@fal-ai/client": "1.10.1",
      },
    },
  },
  "packages": {
    "@fal-ai/client": ["@fal-ai/client@1.10.1", "", { "dependencies": { "@msgpack/msgpack": "^3.0.0-beta2", "eventsource-parser": "^1.1.2", "robot3": "^0.4.1" } }, "sha512-c3AVeH31OioiI2J1BfW8Cryi1DhUYldnY3X35nv6xLMq3fU2NQOo+eYaR5mL2O8MoHHh+HzXdQuIyanIyeq+ug=="],

    "@msgpack/msgpack": ["@msgpack/msgpack@3.1.3", "", {}, "sha512-47XIizs9XZXvuJgoaJUIE2lFoID8ugvc0jzSHP+Ptfk8nTbnR8g788wv48N03Kx0UkAv559HWRQ3yzOgzlRNUA=="],

    "eventsource-parser": ["eventsource-parser@1.1.2", "", {}, "sha512-v0eOBUbiaFojBu2s2NPBfYUoRR9GjcDNvCXVaqEf5vVfpIAh9f8RCo4vXTP8c63QRKCFwoLpMpTdPwwhEKVgzA=="],

    "robot3": ["robot3@0.4.1", "", {}, "sha512-hzjy826lrxzx8eRgv80idkf8ua1JAepRc9Efdtj03N3KNJuznQCPlyCJ7gnUmDFwZCLQjxy567mQVKmdv2BsXQ=="],
  }
}
